# This file is autogenerated, do not edit; changes may be undone by the next 'dep ensure'.


[[projects]]
  branch = "master"
  digest = "1:093950d3c83b52a0ce21b61a375b1d98c8db77888f2df1dcd613bd32f4b57d42"
  name = "github.com/keybase/go-keychain"
  packages = ["."]
  pruneopts = "UT"
  revision = "2390ae57254556a0d46330a1581dd2efb1d1ac26"

[solve-meta]
  analyzer-name = "dep"
  analyzer-version = 1
  input-imports = ["github.com/keybase/go-keychain"]
  solver-name = "gps-cdcl"
  solver-version = 1
