# This file is autogenerated, do not edit; changes may be undone by the next 'dep ensure'.


[[projects]]
  branch = "master"
  digest = "1:093950d3c83b52a0ce21b61a375b1d98c8db77888f2df1dcd613bd32f4b57d42"
  name = "github.com/keybase/go-keychain"
  packages = ["."]
  pruneopts = "UT"
  revision = "2390ae57254556a0d46330a1581dd2efb1d1ac26"

[[projects]]
  branch = "master"
  digest = "1:1913db430d10043c8cd47451437de6c137b8200cd8b3285c860a2c202a572dc3"
  name = "github.com/sosedoff/ansible-vault-go"
  packages = ["."]
  pruneopts = "UT"
  revision = "ab5632c40bf561686dfdefcba499ef4d17cdcca6"

[[projects]]
  branch = "master"
  digest = "1:35ce874cf16f78a2da908ab28b0277497e36603d289db00d39da5200bc8ace08"
  name = "golang.org/x/crypto"
  packages = [
    "pbkdf2",
    "ssh/terminal",
  ]
  pruneopts = "UT"
  revision = "227b76d455e791cb042b03e633e2f7fbcfdf74a5"

[[projects]]
  branch = "master"
  digest = "1:f369a12d6d393e0de995fc012983d815dac4c6d13a692bbbf7b6deb5fe4c9ff9"
  name = "golang.org/x/sys"
  packages = [
    "unix",
    "windows",
  ]
  pruneopts = "UT"
  revision = "0a153f010e6963173baba2306531d173aa843137"

[solve-meta]
  analyzer-name = "dep"
  analyzer-version = 1
  input-imports = [
    "github.com/keybase/go-keychain",
    "github.com/sosedoff/ansible-vault-go",
    "golang.org/x/crypto/ssh/terminal",
  ]
  solver-name = "gps-cdcl"
  solver-version = 1
